
Microsoft Visual Studio Solution File, Format Version 12.00
# Visual Studio 15
VisualStudioVersion = 15.0.27703.2000
MinimumVisualStudioVersion = 10.0.40219.1
Project("{FAE04EC0-301F-11D3-BF4B-00C04F79EFBC}") = "NETCORE", "NETCORE\NETCORE.csproj", "{9DD284B3-C803-43CF-9878-031A6FE24527}"
EndProject
Project("{FAE04EC0-301F-11D3-BF4B-00C04F79EFBC}") = "NETCORE.Infrastructure", "NETCORE.Infrastructure\NETCORE.Infrastructure.csproj", "{24A872F2-A704-4DA6-A267-93AF96BC1AB1}"
EndProject
Project("{FAE04EC0-301F-11D3-BF4B-00C04F79EFBC}") = "NETCORE.Utilities", "NETCORE.Utilities\NETCORE.Utilities.csproj", "{F84B3C28-4656-4A9F-B359-B72855D43129}"
EndProject
Project("{FAE04EC0-301F-11D3-BF4B-00C04F79EFBC}") = "NETCORE.Data", "NETCORE.Data\NETCORE.Data.csproj", "{7EA7864A-DF41-4878-872B-45A0F6709C75}"
EndProject
Project("{FAE04EC0-301F-11D3-BF4B-00C04F79EFBC}") = "NETCORE.Data.EF", "NETCORE.Data.EF\NETCORE.Data.EF.csproj", "{B2EAD0F5-606F-4723-8A08-BC1B5F3166CD}"
EndProject
Project("{2150E333-8FDC-42A3-9474-1A3956D46DE8}") = "1-Presentation", "1-Presentation", "{91D47966-610B-4AEA-84F8-E40C4F265290}"
EndProject
Project("{2150E333-8FDC-42A3-9474-1A3956D46DE8}") = "2-Application", "2-Application", "{F4DE8688-0CBD-4C9F-A7D9-681BAE0DC911}"
EndProject
Project("{2150E333-8FDC-42A3-9474-1A3956D46DE8}") = "3-Domain", "3-Domain", "{1FF2EF88-05AC-44A0-88EE-A4B840CA2380}"
EndProject
Project("{2150E333-8FDC-42A3-9474-1A3956D46DE8}") = "4-Infrastructure", "4-Infrastructure", "{03B54429-5EFC-4E65-B541-617A5DED9169}"
EndProject
Project("{FAE04EC0-301F-11D3-BF4B-00C04F79EFBC}") = "NETCORE.Application", "NETCORE.Application\NETCORE.Application.csproj", "{50C915B6-DB69-41F5-B9F0-E548122533E0}"
EndProject
Global
	GlobalSection(SolutionConfigurationPlatforms) = preSolution
		Debug|Any CPU = Debug|Any CPU
		Release|Any CPU = Release|Any CPU
	EndGlobalSection
	GlobalSection(ProjectConfigurationPlatforms) = postSolution
		{9DD284B3-C803-43CF-9878-031A6FE24527}.Debug|Any CPU.ActiveCfg = Debug|Any CPU
		{9DD284B3-C803-43CF-9878-031A6FE24527}.Debug|Any CPU.Build.0 = Debug|Any CPU
		{9DD284B3-C803-43CF-9878-031A6FE24527}.Release|Any CPU.ActiveCfg = Release|Any CPU
		{9DD284B3-C803-43CF-9878-031A6FE24527}.Release|Any CPU.Build.0 = Release|Any CPU
		{24A872F2-A704-4DA6-A267-93AF96BC1AB1}.Debug|Any CPU.ActiveCfg = Debug|Any CPU
		{24A872F2-A704-4DA6-A267-93AF96BC1AB1}.Debug|Any CPU.Build.0 = Debug|Any CPU
		{24A872F2-A704-4DA6-A267-93AF96BC1AB1}.Release|Any CPU.ActiveCfg = Release|Any CPU
		{24A872F2-A704-4DA6-A267-93AF96BC1AB1}.Release|Any CPU.Build.0 = Release|Any CPU
		{F84B3C28-4656-4A9F-B359-B72855D43129}.Debug|Any CPU.ActiveCfg = Debug|Any CPU
		{F84B3C28-4656-4A9F-B359-B72855D43129}.Debug|Any CPU.Build.0 = Debug|Any CPU
		{F84B3C28-4656-4A9F-B359-B72855D43129}.Release|Any CPU.ActiveCfg = Release|Any CPU
		{F84B3C28-4656-4A9F-B359-B72855D43129}.Release|Any CPU.Build.0 = Release|Any CPU
		{7EA7864A-DF41-4878-872B-45A0F6709C75}.Debug|Any CPU.ActiveCfg = Debug|Any CPU
		{7EA7864A-DF41-4878-872B-45A0F6709C75}.Debug|Any CPU.Build.0 = Debug|Any CPU
		{7EA7864A-DF41-4878-872B-45A0F6709C75}.Release|Any CPU.ActiveCfg = Release|Any CPU
		{7EA7864A-DF41-4878-872B-45A0F6709C75}.Release|Any CPU.Build.0 = Release|Any CPU
		{B2EAD0F5-606F-4723-8A08-BC1B5F3166CD}.Debug|Any CPU.ActiveCfg = Debug|Any CPU
		{B2EAD0F5-606F-4723-8A08-BC1B5F3166CD}.Debug|Any CPU.Build.0 = Debug|Any CPU
		{B2EAD0F5-606F-4723-8A08-BC1B5F3166CD}.Release|Any CPU.ActiveCfg = Release|Any CPU
		{B2EAD0F5-606F-4723-8A08-BC1B5F3166CD}.Release|Any CPU.Build.0 = Release|Any CPU
		{50C915B6-DB69-41F5-B9F0-E548122533E0}.Debug|Any CPU.ActiveCfg = Debug|Any CPU
		{50C915B6-DB69-41F5-B9F0-E548122533E0}.Debug|Any CPU.Build.0 = Debug|Any CPU
		{50C915B6-DB69-41F5-B9F0-E548122533E0}.Release|Any CPU.ActiveCfg = Release|Any CPU
		{50C915B6-DB69-41F5-B9F0-E548122533E0}.Release|Any CPU.Build.0 = Release|Any CPU
	EndGlobalSection
	GlobalSection(SolutionProperties) = preSolution
		HideSolutionNode = FALSE
	EndGlobalSection
	GlobalSection(NestedProjects) = preSolution
		{9DD284B3-C803-43CF-9878-031A6FE24527} = {91D47966-610B-4AEA-84F8-E40C4F265290}
		{24A872F2-A704-4DA6-A267-93AF96BC1AB1} = {03B54429-5EFC-4E65-B541-617A5DED9169}
		{F84B3C28-4656-4A9F-B359-B72855D43129} = {03B54429-5EFC-4E65-B541-617A5DED9169}
		{7EA7864A-DF41-4878-872B-45A0F6709C75} = {1FF2EF88-05AC-44A0-88EE-A4B840CA2380}
		{B2EAD0F5-606F-4723-8A08-BC1B5F3166CD} = {1FF2EF88-05AC-44A0-88EE-A4B840CA2380}
		{50C915B6-DB69-41F5-B9F0-E548122533E0} = {F4DE8688-0CBD-4C9F-A7D9-681BAE0DC911}
	EndGlobalSection
	GlobalSection(ExtensibilityGlobals) = postSolution
		SolutionGuid = {5A55ED15-74DF-4AE3-B8FC-5FD3EC2B877C}
	EndGlobalSection
EndGlobal
